
Microsoft Visual Studio Solution File, Format Version 12.00
# Visual Studio Version 17
VisualStudioVersion = 17.4.33110.190
MinimumVisualStudioVersion = 10.0.40219.1
Project("{FAE04EC0-301F-11D3-BF4B-00C04F79EFBC}") = "3fazis", "3fazis\3fazis.csproj", "{97C775B6-64F4-4580-B9C8-BB237EB3F934}"
EndProject
Global
	GlobalSection(SolutionConfigurationPlatforms) = preSolution
		Debug|Any CPU = Debug|Any CPU
		Release|Any CPU = Release|Any CPU
	EndGlobalSection
	GlobalSection(ProjectConfigurationPlatforms) = postSolution
		{97C775B6-64F4-4580-B9C8-BB237EB3F934}.Debug|Any CPU.ActiveCfg = Debug|Any CPU
		{97C775B6-64F4-4580-B9C8-BB237EB3F934}.Debug|Any CPU.Build.0 = Debug|Any CPU
		{97C775B6-64F4-4580-B9C8-BB237EB3F934}.Release|Any CPU.ActiveCfg = Release|Any CPU
		{97C775B6-64F4-4580-B9C8-BB237EB3F934}.Release|Any CPU.Build.0 = Release|Any CPU
	EndGlobalSection
	GlobalSection(SolutionProperties) = preSolution
		HideSolutionNode = FALSE
	EndGlobalSection
	GlobalSection(ExtensibilityGlobals) = postSolution
		SolutionGuid = {1E3C5E4B-2448-4F4A-85C8-C9013B6FD044}
	EndGlobalSection
EndGlobal
